
Microsoft Visual Studio Solution File, Format Version 12.00
# Visual Studio Version 16
VisualStudioVersion = 16.0.30717.126
MinimumVisualStudioVersion = 10.0.40219.1
Project("{FAE04EC0-301F-11D3-BF4B-00C04F79EFBC}") = "FileAnalyzer.Console", "FileAnalyzer.Console\FileAnalyzer.Console.csproj", "{39116CAB-137F-47E6-B57F-74D5275689CD}"
EndProject
Project("{FAE04EC0-301F-11D3-BF4B-00C04F79EFBC}") = "FileAnalyzer.Core", "FileAnalyzer.Core\FileAnalyzer.Core.csproj", "{3EC95083-838F-45C4-9A6D-09CD0944E7AA}"
EndProject
Project("{FAE04EC0-301F-11D3-BF4B-00C04F79EFBC}") = "FileAnalyzer.DataStructures", "FileAnalyzer.DataStructures\FileAnalyzer.DataStructures.csproj", "{DF623E72-3912-4B34-BF2F-BD76E81506C9}"
EndProject
Global
	GlobalSection(SolutionConfigurationPlatforms) = preSolution
		Debug|Any CPU = Debug|Any CPU
		Release|Any CPU = Release|Any CPU
	EndGlobalSection
	GlobalSection(ProjectConfigurationPlatforms) = postSolution
		{39116CAB-137F-47E6-B57F-74D5275689CD}.Debug|Any CPU.ActiveCfg = Debug|Any CPU
		{39116CAB-137F-47E6-B57F-74D5275689CD}.Debug|Any CPU.Build.0 = Debug|Any CPU
		{39116CAB-137F-47E6-B57F-74D5275689CD}.Release|Any CPU.ActiveCfg = Release|Any CPU
		{39116CAB-137F-47E6-B57F-74D5275689CD}.Release|Any CPU.Build.0 = Release|Any CPU
		{3EC95083-838F-45C4-9A6D-09CD0944E7AA}.Debug|Any CPU.ActiveCfg = Debug|Any CPU
		{3EC95083-838F-45C4-9A6D-09CD0944E7AA}.Debug|Any CPU.Build.0 = Debug|Any CPU
		{3EC95083-838F-45C4-9A6D-09CD0944E7AA}.Release|Any CPU.ActiveCfg = Release|Any CPU
		{3EC95083-838F-45C4-9A6D-09CD0944E7AA}.Release|Any CPU.Build.0 = Release|Any CPU
		{DF623E72-3912-4B34-BF2F-BD76E81506C9}.Debug|Any CPU.ActiveCfg = Debug|Any CPU
		{DF623E72-3912-4B34-BF2F-BD76E81506C9}.Debug|Any CPU.Build.0 = Debug|Any CPU
		{DF623E72-3912-4B34-BF2F-BD76E81506C9}.Release|Any CPU.ActiveCfg = Release|Any CPU
		{DF623E72-3912-4B34-BF2F-BD76E81506C9}.Release|Any CPU.Build.0 = Release|Any CPU
	EndGlobalSection
	GlobalSection(SolutionProperties) = preSolution
		HideSolutionNode = FALSE
	EndGlobalSection
	GlobalSection(ExtensibilityGlobals) = postSolution
		SolutionGuid = {E55C51ED-407C-4D32-9176-16C4E2B6F01C}
	EndGlobalSection
EndGlobal
